
Microsoft Visual Studio Solution File, Format Version 12.00
Project("{2150E333-8FDC-42A3-9474-1A3956D46DE8}") = "Microservices", "Microservices", "{4C59C76A-33EA-4FF8-85C9-606831016825}"
	ProjectSection(SolutionItems) = preProject
		.dockerignore = .dockerignore
	EndProjectSection
EndProject
Project("{FAE04EC0-301F-11D3-BF4B-00C04F79EFBC}") = "ShoppingCart", "ShoppingCart\ShoppingCart.csproj", "{16AFBC04-BE7B-415D-ABA5-49ED4ECCB6BE}"
EndProject
Project("{FAE04EC0-301F-11D3-BF4B-00C04F79EFBC}") = "Models", "Models\Models.csproj", "{9FD15549-FC63-4BCA-8886-374138E16144}"
EndProject
Project("{FAE04EC0-301F-11D3-BF4B-00C04F79EFBC}") = "ProductCatalog", "ProductCatalog\ProductCatalog.csproj", "{445F6A51-6B9B-4185-A80D-B97F7F83E932}"
EndProject
Project("{FAE04EC0-301F-11D3-BF4B-00C04F79EFBC}") = "TestProject", "TestProject\TestProject.csproj", "{B3130BC0-B5C0-43D3-9CA6-7D19E0D45245}"
EndProject
Project("{FAE04EC0-301F-11D3-BF4B-00C04F79EFBC}") = "BuyActions", "BuyActions\BuyActions.csproj", "{64751B78-877F-4FFF-8521-AE42EC5B4EC6}"
EndProject
Project("{FAE04EC0-301F-11D3-BF4B-00C04F79EFBC}") = "UserManipulations", "UserManipulations\UserManipulations.csproj", "{13144FAF-48F9-4853-85F8-D9BB130A5D5E}"
EndProject
Project("{FAE04EC0-301F-11D3-BF4B-00C04F79EFBC}") = "ShoppingCartsWorkerService", "ShoppingCartsWorkerService\ShoppingCartsWorkerService.csproj", "{E410D73F-8706-4063-A858-7B6A7B7D2889}"
EndProject
Project("{2150E333-8FDC-42A3-9474-1A3956D46DE8}") = "Application", "Application", "{8955F28E-C25E-4BCD-B599-3D9593D56D62}"
EndProject
Project("{FAE04EC0-301F-11D3-BF4B-00C04F79EFBC}") = "User.Application", "Application\User.Application\User.Application.csproj", "{847BD1FC-0574-462E-9A86-B79EAF2814DD}"
EndProject
Project("{2150E333-8FDC-42A3-9474-1A3956D46DE8}") = "Infrastructure", "Infrastructure", "{F2B69E18-D53F-4451-9FE8-AD7079E4A0CE}"
EndProject
Project("{FAE04EC0-301F-11D3-BF4B-00C04F79EFBC}") = "User.Infrastructure", "Infrastructure\User.Infrastructure\User.Infrastructure.csproj", "{F605F830-8680-40AA-A4D7-152A96B8DD93}"
EndProject
Project("{2150E333-8FDC-42A3-9474-1A3956D46DE8}") = "Api", "Api", "{A6434A1C-5DB4-45F3-A6E1-5F17C1F2F05B}"
EndProject
Project("{FAE04EC0-301F-11D3-BF4B-00C04F79EFBC}") = "User.Api", "Api\User.Api\User.Api.csproj", "{3FA67037-84ED-458B-97DD-EBEC4100433F}"
EndProject
Project("{FAE04EC0-301F-11D3-BF4B-00C04F79EFBC}") = "Product.Application", "Application\Product.Application\Product.Application.csproj", "{F9BF8581-6ECD-448A-8E13-DC7831BA2A32}"
EndProject
Project("{FAE04EC0-301F-11D3-BF4B-00C04F79EFBC}") = "Product.Infrastructure", "Infrastructure\Product.Infrastructure\Product.Infrastructure.csproj", "{85957F60-9863-4BB1-B8BF-457907A438A6}"
EndProject
Project("{2150E333-8FDC-42A3-9474-1A3956D46DE8}") = "Domain", "Domain", "{9EF99B06-921E-4E82-9EED-3DA270FA1F71}"
EndProject
Project("{FAE04EC0-301F-11D3-BF4B-00C04F79EFBC}") = "Model", "Domain\Model\Model.csproj", "{0CC6FA13-BA00-46D1-8419-73AC157C3B7C}"
EndProject
Project("{FAE04EC0-301F-11D3-BF4B-00C04F79EFBC}") = "Product.Api", "Api\Product.Api\Product.Api.csproj", "{7B6653CE-1EA8-4569-9C7A-F1DCFE5B9F7D}"
EndProject
Project("{FAE04EC0-301F-11D3-BF4B-00C04F79EFBC}") = "Cart.Application", "Application\Cart.Application\Cart.Application.csproj", "{4F29F8BD-481E-4A1C-935E-B49D52275E5B}"
EndProject
Project("{FAE04EC0-301F-11D3-BF4B-00C04F79EFBC}") = "Cart.Infrastructure", "Infrastructure\Cart.Infrastructure\Cart.Infrastructure.csproj", "{8F3A9878-093B-4605-9E93-0D052FF83B25}"
EndProject
Project("{FAE04EC0-301F-11D3-BF4B-00C04F79EFBC}") = "Cart.Api", "Api\Cart.Api\Cart.Api.csproj", "{C3DBE6D0-C342-479A-B76F-5FA76FC61719}"
EndProject
Project("{FAE04EC0-301F-11D3-BF4B-00C04F79EFBC}") = "Shared.Infrastructure", "Infrastructure\Shared.Infrastructure\Shared.Infrastructure.csproj", "{EB6D0D4E-BE39-4B26-8401-FE2D34913515}"
EndProject
Project("{FAE04EC0-301F-11D3-BF4B-00C04F79EFBC}") = "BuyReport.Application", "Application\BuyReport.Application\BuyReport.Application.csproj", "{395DF545-0272-42E8-ADC0-013D675D9EEA}"
EndProject
Project("{FAE04EC0-301F-11D3-BF4B-00C04F79EFBC}") = "BuyReport.Infrastructure", "Infrastructure\BuyReport.Infrastructure\BuyReport.Infrastructure.csproj", "{975B80B3-03CB-4436-9C41-D55D8B35B80B}"
EndProject
Project("{FAE04EC0-301F-11D3-BF4B-00C04F79EFBC}") = "BuyReport.Api", "Api\BuyReport.Api\BuyReport.Api.csproj", "{ABD33D49-59BD-4AC0-A02C-01B45DEEB7CB}"
EndProject
Global
	GlobalSection(SolutionConfigurationPlatforms) = preSolution
		Debug|Any CPU = Debug|Any CPU
		Release|Any CPU = Release|Any CPU
	EndGlobalSection
	GlobalSection(ProjectConfigurationPlatforms) = postSolution
		{16AFBC04-BE7B-415D-ABA5-49ED4ECCB6BE}.Debug|Any CPU.ActiveCfg = Debug|Any CPU
		{16AFBC04-BE7B-415D-ABA5-49ED4ECCB6BE}.Debug|Any CPU.Build.0 = Debug|Any CPU
		{16AFBC04-BE7B-415D-ABA5-49ED4ECCB6BE}.Release|Any CPU.ActiveCfg = Release|Any CPU
		{16AFBC04-BE7B-415D-ABA5-49ED4ECCB6BE}.Release|Any CPU.Build.0 = Release|Any CPU
		{9FD15549-FC63-4BCA-8886-374138E16144}.Debug|Any CPU.ActiveCfg = Debug|Any CPU
		{9FD15549-FC63-4BCA-8886-374138E16144}.Debug|Any CPU.Build.0 = Debug|Any CPU
		{9FD15549-FC63-4BCA-8886-374138E16144}.Release|Any CPU.ActiveCfg = Release|Any CPU
		{9FD15549-FC63-4BCA-8886-374138E16144}.Release|Any CPU.Build.0 = Release|Any CPU
		{445F6A51-6B9B-4185-A80D-B97F7F83E932}.Debug|Any CPU.ActiveCfg = Debug|Any CPU
		{445F6A51-6B9B-4185-A80D-B97F7F83E932}.Debug|Any CPU.Build.0 = Debug|Any CPU
		{445F6A51-6B9B-4185-A80D-B97F7F83E932}.Release|Any CPU.ActiveCfg = Release|Any CPU
		{445F6A51-6B9B-4185-A80D-B97F7F83E932}.Release|Any CPU.Build.0 = Release|Any CPU
		{B3130BC0-B5C0-43D3-9CA6-7D19E0D45245}.Debug|Any CPU.ActiveCfg = Debug|Any CPU
		{B3130BC0-B5C0-43D3-9CA6-7D19E0D45245}.Debug|Any CPU.Build.0 = Debug|Any CPU
		{B3130BC0-B5C0-43D3-9CA6-7D19E0D45245}.Release|Any CPU.ActiveCfg = Release|Any CPU
		{B3130BC0-B5C0-43D3-9CA6-7D19E0D45245}.Release|Any CPU.Build.0 = Release|Any CPU
		{64751B78-877F-4FFF-8521-AE42EC5B4EC6}.Debug|Any CPU.ActiveCfg = Debug|Any CPU
		{64751B78-877F-4FFF-8521-AE42EC5B4EC6}.Debug|Any CPU.Build.0 = Debug|Any CPU
		{64751B78-877F-4FFF-8521-AE42EC5B4EC6}.Release|Any CPU.ActiveCfg = Release|Any CPU
		{64751B78-877F-4FFF-8521-AE42EC5B4EC6}.Release|Any CPU.Build.0 = Release|Any CPU
		{13144FAF-48F9-4853-85F8-D9BB130A5D5E}.Debug|Any CPU.ActiveCfg = Debug|Any CPU
		{13144FAF-48F9-4853-85F8-D9BB130A5D5E}.Debug|Any CPU.Build.0 = Debug|Any CPU
		{13144FAF-48F9-4853-85F8-D9BB130A5D5E}.Release|Any CPU.ActiveCfg = Release|Any CPU
		{13144FAF-48F9-4853-85F8-D9BB130A5D5E}.Release|Any CPU.Build.0 = Release|Any CPU
		{E410D73F-8706-4063-A858-7B6A7B7D2889}.Debug|Any CPU.ActiveCfg = Debug|Any CPU
		{E410D73F-8706-4063-A858-7B6A7B7D2889}.Debug|Any CPU.Build.0 = Debug|Any CPU
		{E410D73F-8706-4063-A858-7B6A7B7D2889}.Release|Any CPU.ActiveCfg = Release|Any CPU
		{E410D73F-8706-4063-A858-7B6A7B7D2889}.Release|Any CPU.Build.0 = Release|Any CPU
		{847BD1FC-0574-462E-9A86-B79EAF2814DD}.Debug|Any CPU.ActiveCfg = Debug|Any CPU
		{847BD1FC-0574-462E-9A86-B79EAF2814DD}.Debug|Any CPU.Build.0 = Debug|Any CPU
		{847BD1FC-0574-462E-9A86-B79EAF2814DD}.Release|Any CPU.ActiveCfg = Release|Any CPU
		{847BD1FC-0574-462E-9A86-B79EAF2814DD}.Release|Any CPU.Build.0 = Release|Any CPU
		{F605F830-8680-40AA-A4D7-152A96B8DD93}.Debug|Any CPU.ActiveCfg = Debug|Any CPU
		{F605F830-8680-40AA-A4D7-152A96B8DD93}.Debug|Any CPU.Build.0 = Debug|Any CPU
		{F605F830-8680-40AA-A4D7-152A96B8DD93}.Release|Any CPU.ActiveCfg = Release|Any CPU
		{F605F830-8680-40AA-A4D7-152A96B8DD93}.Release|Any CPU.Build.0 = Release|Any CPU
		{3FA67037-84ED-458B-97DD-EBEC4100433F}.Debug|Any CPU.ActiveCfg = Debug|Any CPU
		{3FA67037-84ED-458B-97DD-EBEC4100433F}.Debug|Any CPU.Build.0 = Debug|Any CPU
		{3FA67037-84ED-458B-97DD-EBEC4100433F}.Release|Any CPU.ActiveCfg = Release|Any CPU
		{3FA67037-84ED-458B-97DD-EBEC4100433F}.Release|Any CPU.Build.0 = Release|Any CPU
		{F9BF8581-6ECD-448A-8E13-DC7831BA2A32}.Debug|Any CPU.ActiveCfg = Debug|Any CPU
		{F9BF8581-6ECD-448A-8E13-DC7831BA2A32}.Debug|Any CPU.Build.0 = Debug|Any CPU
		{F9BF8581-6ECD-448A-8E13-DC7831BA2A32}.Release|Any CPU.ActiveCfg = Release|Any CPU
		{F9BF8581-6ECD-448A-8E13-DC7831BA2A32}.Release|Any CPU.Build.0 = Release|Any CPU
		{85957F60-9863-4BB1-B8BF-457907A438A6}.Debug|Any CPU.ActiveCfg = Debug|Any CPU
		{85957F60-9863-4BB1-B8BF-457907A438A6}.Debug|Any CPU.Build.0 = Debug|Any CPU
		{85957F60-9863-4BB1-B8BF-457907A438A6}.Release|Any CPU.ActiveCfg = Release|Any CPU
		{85957F60-9863-4BB1-B8BF-457907A438A6}.Release|Any CPU.Build.0 = Release|Any CPU
		{0CC6FA13-BA00-46D1-8419-73AC157C3B7C}.Debug|Any CPU.ActiveCfg = Debug|Any CPU
		{0CC6FA13-BA00-46D1-8419-73AC157C3B7C}.Debug|Any CPU.Build.0 = Debug|Any CPU
		{0CC6FA13-BA00-46D1-8419-73AC157C3B7C}.Release|Any CPU.ActiveCfg = Release|Any CPU
		{0CC6FA13-BA00-46D1-8419-73AC157C3B7C}.Release|Any CPU.Build.0 = Release|Any CPU
		{7B6653CE-1EA8-4569-9C7A-F1DCFE5B9F7D}.Debug|Any CPU.ActiveCfg = Debug|Any CPU
		{7B6653CE-1EA8-4569-9C7A-F1DCFE5B9F7D}.Debug|Any CPU.Build.0 = Debug|Any CPU
		{7B6653CE-1EA8-4569-9C7A-F1DCFE5B9F7D}.Release|Any CPU.ActiveCfg = Release|Any CPU
		{7B6653CE-1EA8-4569-9C7A-F1DCFE5B9F7D}.Release|Any CPU.Build.0 = Release|Any CPU
		{4F29F8BD-481E-4A1C-935E-B49D52275E5B}.Debug|Any CPU.ActiveCfg = Debug|Any CPU
		{4F29F8BD-481E-4A1C-935E-B49D52275E5B}.Debug|Any CPU.Build.0 = Debug|Any CPU
		{4F29F8BD-481E-4A1C-935E-B49D52275E5B}.Release|Any CPU.ActiveCfg = Release|Any CPU
		{4F29F8BD-481E-4A1C-935E-B49D52275E5B}.Release|Any CPU.Build.0 = Release|Any CPU
		{8F3A9878-093B-4605-9E93-0D052FF83B25}.Debug|Any CPU.ActiveCfg = Debug|Any CPU
		{8F3A9878-093B-4605-9E93-0D052FF83B25}.Debug|Any CPU.Build.0 = Debug|Any CPU
		{8F3A9878-093B-4605-9E93-0D052FF83B25}.Release|Any CPU.ActiveCfg = Release|Any CPU
		{8F3A9878-093B-4605-9E93-0D052FF83B25}.Release|Any CPU.Build.0 = Release|Any CPU
		{C3DBE6D0-C342-479A-B76F-5FA76FC61719}.Debug|Any CPU.ActiveCfg = Debug|Any CPU
		{C3DBE6D0-C342-479A-B76F-5FA76FC61719}.Debug|Any CPU.Build.0 = Debug|Any CPU
		{C3DBE6D0-C342-479A-B76F-5FA76FC61719}.Release|Any CPU.ActiveCfg = Release|Any CPU
		{C3DBE6D0-C342-479A-B76F-5FA76FC61719}.Release|Any CPU.Build.0 = Release|Any CPU
		{EB6D0D4E-BE39-4B26-8401-FE2D34913515}.Debug|Any CPU.ActiveCfg = Debug|Any CPU
		{EB6D0D4E-BE39-4B26-8401-FE2D34913515}.Debug|Any CPU.Build.0 = Debug|Any CPU
		{EB6D0D4E-BE39-4B26-8401-FE2D34913515}.Release|Any CPU.ActiveCfg = Release|Any CPU
		{EB6D0D4E-BE39-4B26-8401-FE2D34913515}.Release|Any CPU.Build.0 = Release|Any CPU
		{395DF545-0272-42E8-ADC0-013D675D9EEA}.Debug|Any CPU.ActiveCfg = Debug|Any CPU
		{395DF545-0272-42E8-ADC0-013D675D9EEA}.Debug|Any CPU.Build.0 = Debug|Any CPU
		{395DF545-0272-42E8-ADC0-013D675D9EEA}.Release|Any CPU.ActiveCfg = Release|Any CPU
		{395DF545-0272-42E8-ADC0-013D675D9EEA}.Release|Any CPU.Build.0 = Release|Any CPU
		{975B80B3-03CB-4436-9C41-D55D8B35B80B}.Debug|Any CPU.ActiveCfg = Debug|Any CPU
		{975B80B3-03CB-4436-9C41-D55D8B35B80B}.Debug|Any CPU.Build.0 = Debug|Any CPU
		{975B80B3-03CB-4436-9C41-D55D8B35B80B}.Release|Any CPU.ActiveCfg = Release|Any CPU
		{975B80B3-03CB-4436-9C41-D55D8B35B80B}.Release|Any CPU.Build.0 = Release|Any CPU
		{ABD33D49-59BD-4AC0-A02C-01B45DEEB7CB}.Debug|Any CPU.ActiveCfg = Debug|Any CPU
		{ABD33D49-59BD-4AC0-A02C-01B45DEEB7CB}.Debug|Any CPU.Build.0 = Debug|Any CPU
		{ABD33D49-59BD-4AC0-A02C-01B45DEEB7CB}.Release|Any CPU.ActiveCfg = Release|Any CPU
		{ABD33D49-59BD-4AC0-A02C-01B45DEEB7CB}.Release|Any CPU.Build.0 = Release|Any CPU
	EndGlobalSection
	GlobalSection(NestedProjects) = preSolution
		{16AFBC04-BE7B-415D-ABA5-49ED4ECCB6BE} = {4C59C76A-33EA-4FF8-85C9-606831016825}
		{445F6A51-6B9B-4185-A80D-B97F7F83E932} = {4C59C76A-33EA-4FF8-85C9-606831016825}
		{64751B78-877F-4FFF-8521-AE42EC5B4EC6} = {4C59C76A-33EA-4FF8-85C9-606831016825}
		{13144FAF-48F9-4853-85F8-D9BB130A5D5E} = {4C59C76A-33EA-4FF8-85C9-606831016825}
		{E410D73F-8706-4063-A858-7B6A7B7D2889} = {4C59C76A-33EA-4FF8-85C9-606831016825}
		{847BD1FC-0574-462E-9A86-B79EAF2814DD} = {8955F28E-C25E-4BCD-B599-3D9593D56D62}
		{F605F830-8680-40AA-A4D7-152A96B8DD93} = {F2B69E18-D53F-4451-9FE8-AD7079E4A0CE}
		{3FA67037-84ED-458B-97DD-EBEC4100433F} = {A6434A1C-5DB4-45F3-A6E1-5F17C1F2F05B}
		{F9BF8581-6ECD-448A-8E13-DC7831BA2A32} = {8955F28E-C25E-4BCD-B599-3D9593D56D62}
		{85957F60-9863-4BB1-B8BF-457907A438A6} = {F2B69E18-D53F-4451-9FE8-AD7079E4A0CE}
		{0CC6FA13-BA00-46D1-8419-73AC157C3B7C} = {9EF99B06-921E-4E82-9EED-3DA270FA1F71}
		{7B6653CE-1EA8-4569-9C7A-F1DCFE5B9F7D} = {A6434A1C-5DB4-45F3-A6E1-5F17C1F2F05B}
		{4F29F8BD-481E-4A1C-935E-B49D52275E5B} = {8955F28E-C25E-4BCD-B599-3D9593D56D62}
		{8F3A9878-093B-4605-9E93-0D052FF83B25} = {F2B69E18-D53F-4451-9FE8-AD7079E4A0CE}
		{C3DBE6D0-C342-479A-B76F-5FA76FC61719} = {A6434A1C-5DB4-45F3-A6E1-5F17C1F2F05B}
		{EB6D0D4E-BE39-4B26-8401-FE2D34913515} = {F2B69E18-D53F-4451-9FE8-AD7079E4A0CE}
		{395DF545-0272-42E8-ADC0-013D675D9EEA} = {8955F28E-C25E-4BCD-B599-3D9593D56D62}
		{975B80B3-03CB-4436-9C41-D55D8B35B80B} = {F2B69E18-D53F-4451-9FE8-AD7079E4A0CE}
		{ABD33D49-59BD-4AC0-A02C-01B45DEEB7CB} = {A6434A1C-5DB4-45F3-A6E1-5F17C1F2F05B}
	EndGlobalSection
EndGlobal
